// !$*UTF8*$!
{
	archiveVersion = 1;
	classes = {
	};
	objectVersion = 46;
	objects = {

/* Begin PBXBuildFile section */
		522C17D31750E1360006EE9E /* Foundation.framework in Frameworks */ = {isa = PBXBuildFile; fileRef = 522C17D21750E1360006EE9E /* Foundation.framework */; };
		522C17D81750E1360006EE9E /* iUC.h in CopyFiles */ = {isa = PBXBuildFile; fileRef = 522C17D71750E1360006EE9E /* iUC.h */; };
		522C17DA1750E1360006EE9E /* iUC.m in Sources */ = {isa = PBXBuildFile; fileRef = 522C17D91750E1360006EE9E /* iUC.m */; };
		522C17E21750E1360006EE9E /* SenTestingKit.framework in Frameworks */ = {isa = PBXBuildFile; fileRef = 522C17E11750E1360006EE9E /* SenTestingKit.framework */; };
		522C17E41750E1360006EE9E /* UIKit.framework in Frameworks */ = {isa = PBXBuildFile; fileRef = 522C17E31750E1360006EE9E /* UIKit.framework */; };
		522C17E51750E1360006EE9E /* Foundation.framework in Frameworks */ = {isa = PBXBuildFile; fileRef = 522C17D21750E1360006EE9E /* Foundation.framework */; };
		522C17E81750E1360006EE9E /* libiUC.a in Frameworks */ = {isa = PBXBuildFile; fileRef = 522C17CF1750E1360006EE9E /* libiUC.a */; };
		522C17EE1750E1360006EE9E /* InfoPlist.strings in Resources */ = {isa = PBXBuildFile; fileRef = 522C17EC1750E1360006EE9E /* InfoPlist.strings */; };
		522C17F11750E1360006EE9E /* iUCTests.m in Sources */ = {isa = PBXBuildFile; fileRef = 522C17F01750E1360006EE9E /* iUCTests.m */; };
		522C17FE1750ED270006EE9E /* VersionCheckerOperation.m in Sources */ = {isa = PBXBuildFile; fileRef = 522C17FD1750ED270006EE9E /* VersionCheckerOperation.m */; };
		522C1827175110A90006EE9E /* iUCResponder.m in Sources */ = {isa = PBXBuildFile; fileRef = 522C1826175110A90006EE9E /* iUCResponder.m */; };
		522C183017511FE60006EE9E /* iUCSettingsManager.m in Sources */ = {isa = PBXBuildFile; fileRef = 522C182F17511FE60006EE9E /* iUCSettingsManager.m */; };
		522C18341751285D0006EE9E /* VersionUtils.m in Sources */ = {isa = PBXBuildFile; fileRef = 522C18331751285D0006EE9E /* VersionUtils.m */; };
		522C184C175147A20006EE9E /* iUCResponder.h in CopyFiles */ = {isa = PBXBuildFile; fileRef = 522C1825175110A90006EE9E /* iUCResponder.h */; };
		522C184D175149570006EE9E /* iUCLocalizable.strings in CopyFiles */ = {isa = PBXBuildFile; fileRef = 522C182A1751149F0006EE9E /* iUCLocalizable.strings */; };
		522C184E1751495B0006EE9E /* iUCSettings.plist in CopyFiles */ = {isa = PBXBuildFile; fileRef = 522C182C175118220006EE9E /* iUCSettings.plist */; };
/* End PBXBuildFile section */

/* Begin PBXContainerItemProxy section */
		522C17E61750E1360006EE9E /* PBXContainerItemProxy */ = {
			isa = PBXContainerItemProxy;
			containerPortal = 522C17C71750E1360006EE9E /* Project object */;
			proxyType = 1;
			remoteGlobalIDString = 522C17CE1750E1360006EE9E;
			remoteInfo = iUC;
		};
/* End PBXContainerItemProxy section */

/* Begin PBXCopyFilesBuildPhase section */
		522C17CD1750E1360006EE9E /* CopyFiles */ = {
			isa = PBXCopyFilesBuildPhase;
			buildActionMask = 2147483647;
			dstPath = "include/${PRODUCT_NAME}";
			dstSubfolderSpec = 16;
			files = (
				522C184E1751495B0006EE9E /* iUCSettings.plist in CopyFiles */,
				522C184D175149570006EE9E /* iUCLocalizable.strings in CopyFiles */,
				522C184C175147A20006EE9E /* iUCResponder.h in CopyFiles */,
				522C17D81750E1360006EE9E /* iUC.h in CopyFiles */,
			);
			runOnlyForDeploymentPostprocessing = 0;
		};
/* End PBXCopyFilesBuildPhase section */

/* Begin PBXFileReference section */
		522C17CF1750E1360006EE9E /* libiUC.a */ = {isa = PBXFileReference; explicitFileType = archive.ar; includeInIndex = 0; path = libiUC.a; sourceTree = BUILT_PRODUCTS_DIR; };
		522C17D21750E1360006EE9E /* Foundation.framework */ = {isa = PBXFileReference; lastKnownFileType = wrapper.framework; name = Foundation.framework; path = System/Library/Frameworks/Foundation.framework; sourceTree = SDKROOT; };
		522C17D61750E1360006EE9E /* iUC-Prefix.pch */ = {isa = PBXFileReference; lastKnownFileType = sourcecode.c.h; path = "iUC-Prefix.pch"; sourceTree = "<group>"; };
		522C17D71750E1360006EE9E /* iUC.h */ = {isa = PBXFileReference; lastKnownFileType = sourcecode.c.h; path = iUC.h; sourceTree = "<group>"; };
		522C17D91750E1360006EE9E /* iUC.m */ = {isa = PBXFileReference; lastKnownFileType = sourcecode.c.objc; path = iUC.m; sourceTree = "<group>"; };
		522C17E01750E1360006EE9E /* iUCTests.octest */ = {isa = PBXFileReference; explicitFileType = wrapper.cfbundle; includeInIndex = 0; path = iUCTests.octest; sourceTree = BUILT_PRODUCTS_DIR; };
		522C17E11750E1360006EE9E /* SenTestingKit.framework */ = {isa = PBXFileReference; lastKnownFileType = wrapper.framework; name = SenTestingKit.framework; path = Library/Frameworks/SenTestingKit.framework; sourceTree = DEVELOPER_DIR; };
		522C17E31750E1360006EE9E /* UIKit.framework */ = {isa = PBXFileReference; lastKnownFileType = wrapper.framework; name = UIKit.framework; path = Library/Frameworks/UIKit.framework; sourceTree = DEVELOPER_DIR; };
		522C17EB1750E1360006EE9E /* iUCTests-Info.plist */ = {isa = PBXFileReference; lastKnownFileType = text.plist.xml; path = "iUCTests-Info.plist"; sourceTree = "<group>"; };
		522C17ED1750E1360006EE9E /* en */ = {isa = PBXFileReference; lastKnownFileType = text.plist.strings; name = en; path = en.lproj/InfoPlist.strings; sourceTree = "<group>"; };
		522C17EF1750E1360006EE9E /* iUCTests.h */ = {isa = PBXFileReference; lastKnownFileType = sourcecode.c.h; path = iUCTests.h; sourceTree = "<group>"; };
		522C17F01750E1360006EE9E /* iUCTests.m */ = {isa = PBXFileReference; lastKnownFileType = sourcecode.c.objc; path = iUCTests.m; sourceTree = "<group>"; };
		522C17FA1750EBA80006EE9E /* iUC_private.h */ = {isa = PBXFileReference; fileEncoding = 4; lastKnownFileType = sourcecode.c.h; path = iUC_private.h; sourceTree = "<group>"; };
		522C17FC1750ED270006EE9E /* VersionCheckerOperation.h */ = {isa = PBXFileReference; fileEncoding = 4; lastKnownFileType = sourcecode.c.h; name = VersionCheckerOperation.h; path = operations/VersionCheckerOperation.h; sourceTree = "<group>"; };
		522C17FD1750ED270006EE9E /* VersionCheckerOperation.m */ = {isa = PBXFileReference; fileEncoding = 4; lastKnownFileType = sourcecode.c.objc; name = VersionCheckerOperation.m; path = operations/VersionCheckerOperation.m; sourceTree = "<group>"; };
		522C1825175110A90006EE9E /* iUCResponder.h */ = {isa = PBXFileReference; fileEncoding = 4; lastKnownFileType = sourcecode.c.h; name = iUCResponder.h; path = categories/iUCResponder.h; sourceTree = "<group>"; };
		522C1826175110A90006EE9E /* iUCResponder.m */ = {isa = PBXFileReference; fileEncoding = 4; lastKnownFileType = sourcecode.c.objc; name = iUCResponder.m; path = categories/iUCResponder.m; sourceTree = "<group>"; };
		522C18291751149F0006EE9E /* en */ = {isa = PBXFileReference; lastKnownFileType = file; name = en; path = en.lproj/iUCLocalizable.strings; sourceTree = "<group>"; };
		522C182B175114BC0006EE9E /* it */ = {isa = PBXFileReference; lastKnownFileType = file; name = it; path = it.lproj/iUCLocalizable.strings; sourceTree = "<group>"; };
		522C182C175118220006EE9E /* iUCSettings.plist */ = {isa = PBXFileReference; fileEncoding = 4; lastKnownFileType = text.plist.xml; path = iUCSettings.plist; sourceTree = "<group>"; };
		522C182E17511FE60006EE9E /* iUCSettingsManager.h */ = {isa = PBXFileReference; fileEncoding = 4; lastKnownFileType = sourcecode.c.h; path = iUCSettingsManager.h; sourceTree = "<group>"; };
		522C182F17511FE60006EE9E /* iUCSettingsManager.m */ = {isa = PBXFileReference; fileEncoding = 4; lastKnownFileType = sourcecode.c.objc; path = iUCSettingsManager.m; sourceTree = "<group>"; };
		522C18321751285D0006EE9E /* VersionUtils.h */ = {isa = PBXFileReference; fileEncoding = 4; lastKnownFileType = sourcecode.c.h; name = VersionUtils.h; path = utils/VersionUtils.h; sourceTree = "<group>"; };
		522C18331751285D0006EE9E /* VersionUtils.m */ = {isa = PBXFileReference; fileEncoding = 4; lastKnownFileType = sourcecode.c.objc; name = VersionUtils.m; path = utils/VersionUtils.m; sourceTree = "<group>"; };
/* End PBXFileReference section */

/* Begin PBXFrameworksBuildPhase section */
		522C17CC1750E1360006EE9E /* Frameworks */ = {
			isa = PBXFrameworksBuildPhase;
			buildActionMask = 2147483647;
			files = (
				522C17D31750E1360006EE9E /* Foundation.framework in Frameworks */,
			);
			runOnlyForDeploymentPostprocessing = 0;
		};
		522C17DC1750E1360006EE9E /* Frameworks */ = {
			isa = PBXFrameworksBuildPhase;
			buildActionMask = 2147483647;
			files = (
				522C17E21750E1360006EE9E /* SenTestingKit.framework in Frameworks */,
				522C17E41750E1360006EE9E /* UIKit.framework in Frameworks */,
				522C17E51750E1360006EE9E /* Foundation.framework in Frameworks */,
				522C17E81750E1360006EE9E /* libiUC.a in Frameworks */,
			);
			runOnlyForDeploymentPostprocessing = 0;
		};
/* End PBXFrameworksBuildPhase section */

/* Begin PBXGroup section */
		522C17C61750E1360006EE9E = {
			isa = PBXGroup;
			children = (
				522C17D41750E1360006EE9E /* iUC */,
				522C17E91750E1360006EE9E /* iUCTests */,
				522C17D11750E1360006EE9E /* Frameworks */,
				522C17D01750E1360006EE9E /* Products */,
			);
			sourceTree = "<group>";
		};
		522C17D01750E1360006EE9E /* Products */ = {
			isa = PBXGroup;
			children = (
				522C17CF1750E1360006EE9E /* libiUC.a */,
				522C17E01750E1360006EE9E /* iUCTests.octest */,
			);
			name = Products;
			sourceTree = "<group>";
		};
		522C17D11750E1360006EE9E /* Frameworks */ = {
			isa = PBXGroup;
			children = (
				522C17D21750E1360006EE9E /* Foundation.framework */,
				522C17E11750E1360006EE9E /* SenTestingKit.framework */,
				522C17E31750E1360006EE9E /* UIKit.framework */,
			);
			name = Frameworks;
			sourceTree = "<group>";
		};
		522C17D41750E1360006EE9E /* iUC */ = {
			isa = PBXGroup;
			children = (
				522C1824175110550006EE9E /* categories */,
				522C182D17511FE60006EE9E /* managers */,
				522C17FB1750ECFB0006EE9E /* operations */,
				522C1831175128290006EE9E /* utils */,
				522C17D71750E1360006EE9E /* iUC.h */,
				522C17FA1750EBA80006EE9E /* iUC_private.h */,
				522C17D91750E1360006EE9E /* iUC.m */,
				522C17D51750E1360006EE9E /* Supporting Files */,
			);
			path = iUC;
			sourceTree = "<group>";
		};
		522C17D51750E1360006EE9E /* Supporting Files */ = {
			isa = PBXGroup;
			children = (
				522C17D61750E1360006EE9E /* iUC-Prefix.pch */,
				522C182A1751149F0006EE9E /* iUCLocalizable.strings */,
				522C182C175118220006EE9E /* iUCSettings.plist */,
			);
			name = "Supporting Files";
			sourceTree = "<group>";
		};
		522C17E91750E1360006EE9E /* iUCTests */ = {
			isa = PBXGroup;
			children = (
				522C17EF1750E1360006EE9E /* iUCTests.h */,
				522C17F01750E1360006EE9E /* iUCTests.m */,
				522C17EA1750E1360006EE9E /* Supporting Files */,
			);
			path = iUCTests;
			sourceTree = "<group>";
		};
		522C17EA1750E1360006EE9E /* Supporting Files */ = {
			isa = PBXGroup;
			children = (
				522C17EB1750E1360006EE9E /* iUCTests-Info.plist */,
				522C17EC1750E1360006EE9E /* InfoPlist.strings */,
			);
			name = "Supporting Files";
			sourceTree = "<group>";
		};
		522C17FB1750ECFB0006EE9E /* operations */ = {
			isa = PBXGroup;
			children = (
				522C17FC1750ED270006EE9E /* VersionCheckerOperation.h */,
				522C17FD1750ED270006EE9E /* VersionCheckerOperation.m */,
			);
			name = operations;
			sourceTree = "<group>";
		};
		522C1824175110550006EE9E /* categories */ = {
			isa = PBXGroup;
			children = (
				522C1825175110A90006EE9E /* iUCResponder.h */,
				522C1826175110A90006EE9E /* iUCResponder.m */,
			);
			name = categories;
			sourceTree = "<group>";
		};
		522C182D17511FE60006EE9E /* managers */ = {
			isa = PBXGroup;
			children = (
				522C182E17511FE60006EE9E /* iUCSettingsManager.h */,
				522C182F17511FE60006EE9E /* iUCSettingsManager.m */,
			);
			path = managers;
			sourceTree = "<group>";
		};
		522C1831175128290006EE9E /* utils */ = {
			isa = PBXGroup;
			children = (
				522C18321751285D0006EE9E /* VersionUtils.h */,
				522C18331751285D0006EE9E /* VersionUtils.m */,
			);
			name = utils;
			sourceTree = "<group>";
		};
/* End PBXGroup section */

/* Begin PBXNativeTarget section */
		522C17CE1750E1360006EE9E /* iUC */ = {
			isa = PBXNativeTarget;
			buildConfigurationList = 522C17F41750E1360006EE9E /* Build configuration list for PBXNativeTarget "iUC" */;
			buildPhases = (
				522C17CB1750E1360006EE9E /* Sources */,
				522C17CC1750E1360006EE9E /* Frameworks */,
				522C17CD1750E1360006EE9E /* CopyFiles */,
			);
			buildRules = (
			);
			dependencies = (
			);
			name = iUC;
			productName = iUC;
			productReference = 522C17CF1750E1360006EE9E /* libiUC.a */;
			productType = "com.apple.product-type.library.static";
		};
		522C17DF1750E1360006EE9E /* iUCTests */ = {
			isa = PBXNativeTarget;
			buildConfigurationList = 522C17F71750E1360006EE9E /* Build configuration list for PBXNativeTarget "iUCTests" */;
			buildPhases = (
				522C17DB1750E1360006EE9E /* Sources */,
				522C17DC1750E1360006EE9E /* Frameworks */,
				522C17DD1750E1360006EE9E /* Resources */,
				522C17DE1750E1360006EE9E /* ShellScript */,
			);
			buildRules = (
			);
			dependencies = (
				522C17E71750E1360006EE9E /* PBXTargetDependency */,
			);
			name = iUCTests;
			productName = iUCTests;
			productReference = 522C17E01750E1360006EE9E /* iUCTests.octest */;
			productType = "com.apple.product-type.bundle";
		};
/* End PBXNativeTarget section */

/* Begin PBXProject section */
		522C17C71750E1360006EE9E /* Project object */ = {
			isa = PBXProject;
			attributes = {
				LastUpgradeCheck = 0460;
				ORGANIZATIONNAME = "Paolo Cortis";
			};
			buildConfigurationList = 522C17CA1750E1360006EE9E /* Build configuration list for PBXProject "iUC" */;
			compatibilityVersion = "Xcode 3.2";
			developmentRegion = English;
			hasScannedForEncodings = 0;
			knownRegions = (
				en,
				it,
			);
			mainGroup = 522C17C61750E1360006EE9E;
			productRefGroup = 522C17D01750E1360006EE9E /* Products */;
			projectDirPath = "";
			projectRoot = "";
			targets = (
				522C17CE1750E1360006EE9E /* iUC */,
				522C17DF1750E1360006EE9E /* iUCTests */,
			);
		};
/* End PBXProject section */

/* Begin PBXResourcesBuildPhase section */
		522C17DD1750E1360006EE9E /* Resources */ = {
			isa = PBXResourcesBuildPhase;
			buildActionMask = 2147483647;
			files = (
				522C17EE1750E1360006EE9E /* InfoPlist.strings in Resources */,
			);
			runOnlyForDeploymentPostprocessing = 0;
		};
/* End PBXResourcesBuildPhase section */

/* Begin PBXShellScriptBuildPhase section */
		522C17DE1750E1360006EE9E /* ShellScript */ = {
			isa = PBXShellScriptBuildPhase;
			buildActionMask = 2147483647;
			files = (
			);
			inputPaths = (
			);
			outputPaths = (
			);
			runOnlyForDeploymentPostprocessing = 0;
			shellPath = /bin/sh;
			shellScript = "# Run the unit tests in this test bundle.\n\"${SYSTEM_DEVELOPER_DIR}/Tools/RunUnitTests\"\n";
		};
/* End PBXShellScriptBuildPhase section */

/* Begin PBXSourcesBuildPhase section */
		522C17CB1750E1360006EE9E /* Sources */ = {
			isa = PBXSourcesBuildPhase;
			buildActionMask = 2147483647;
			files = (
				522C17DA1750E1360006EE9E /* iUC.m in Sources */,
				522C17FE1750ED270006EE9E /* VersionCheckerOperation.m in Sources */,
				522C1827175110A90006EE9E /* iUCResponder.m in Sources */,
				522C183017511FE60006EE9E /* iUCSettingsManager.m in Sources */,
				522C18341751285D0006EE9E /* VersionUtils.m in Sources */,
			);
			runOnlyForDeploymentPostprocessing = 0;
		};
		522C17DB1750E1360006EE9E /* Sources */ = {
			isa = PBXSourcesBuildPhase;
			buildActionMask = 2147483647;
			files = (
				522C17F11750E1360006EE9E /* iUCTests.m in Sources */,
			);
			runOnlyForDeploymentPostprocessing = 0;
		};
/* End PBXSourcesBuildPhase section */

/* Begin PBXTargetDependency section */
		522C17E71750E1360006EE9E /* PBXTargetDependency */ = {
			isa = PBXTargetDependency;
			target = 522C17CE1750E1360006EE9E /* iUC */;
			targetProxy = 522C17E61750E1360006EE9E /* PBXContainerItemProxy */;
		};
/* End PBXTargetDependency section */

/* Begin PBXVariantGroup section */
		522C17EC1750E1360006EE9E /* InfoPlist.strings */ = {
			isa = PBXVariantGroup;
			children = (
				522C17ED1750E1360006EE9E /* en */,
			);
			name = InfoPlist.strings;
			sourceTree = "<group>";
		};
		522C182A1751149F0006EE9E /* iUCLocalizable.strings */ = {
			isa = PBXVariantGroup;
			children = (
				522C18291751149F0006EE9E /* en */,
				522C182B175114BC0006EE9E /* it */,
			);
			name = iUCLocalizable.strings;
			sourceTree = "<group>";
		};
/* End PBXVariantGroup section */

/* Begin XCBuildConfiguration section */
		522C17F21750E1360006EE9E /* Debug */ = {
			isa = XCBuildConfiguration;
			buildSettings = {
				ALWAYS_SEARCH_USER_PATHS = NO;
				CLANG_CXX_LANGUAGE_STANDARD = "gnu++0x";
				CLANG_CXX_LIBRARY = "libc++";
				CLANG_ENABLE_OBJC_ARC = YES;
				CLANG_WARN_CONSTANT_CONVERSION = YES;
				CLANG_WARN_EMPTY_BODY = YES;
				CLANG_WARN_ENUM_CONVERSION = YES;
				CLANG_WARN_INT_CONVERSION = YES;
				CLANG_WARN__DUPLICATE_METHOD_MATCH = YES;
				COPY_PHASE_STRIP = NO;
				GCC_C_LANGUAGE_STANDARD = gnu99;
				GCC_DYNAMIC_NO_PIC = NO;
				GCC_OPTIMIZATION_LEVEL = 0;
				GCC_PREPROCESSOR_DEFINITIONS = (
					"DEBUG=1",
					"$(inherited)",
				);
				GCC_SYMBOLS_PRIVATE_EXTERN = NO;
				GCC_WARN_ABOUT_RETURN_TYPE = YES;
				GCC_WARN_UNINITIALIZED_AUTOS = YES;
				GCC_WARN_UNUSED_VARIABLE = YES;
				IPHONEOS_DEPLOYMENT_TARGET = 6.1;
				ONLY_ACTIVE_ARCH = YES;
				SDKROOT = iphoneos;
			};
			name = Debug;
		};
		522C17F31750E1360006EE9E /* Release */ = {
			isa = XCBuildConfiguration;
			buildSettings = {
				ALWAYS_SEARCH_USER_PATHS = NO;
				CLANG_CXX_LANGUAGE_STANDARD = "gnu++0x";
				CLANG_CXX_LIBRARY = "libc++";
				CLANG_ENABLE_OBJC_ARC = YES;
				CLANG_WARN_CONSTANT_CONVERSION = YES;
				CLANG_WARN_EMPTY_BODY = YES;
				CLANG_WARN_ENUM_CONVERSION = YES;
				CLANG_WARN_INT_CONVERSION = YES;
				CLANG_WARN__DUPLICATE_METHOD_MATCH = YES;
				COPY_PHASE_STRIP = YES;
				GCC_C_LANGUAGE_STANDARD = gnu99;
				GCC_WARN_ABOUT_RETURN_TYPE = YES;
				GCC_WARN_UNINITIALIZED_AUTOS = YES;
				GCC_WARN_UNUSED_VARIABLE = YES;
				IPHONEOS_DEPLOYMENT_TARGET = 6.1;
				SDKROOT = iphoneos;
				VALIDATE_PRODUCT = YES;
			};
			name = Release;
		};
		522C17F51750E1360006EE9E /* Debug */ = {
			isa = XCBuildConfiguration;
			buildSettings = {
				DSTROOT = /tmp/iUC.dst;
				GCC_PRECOMPILE_PREFIX_HEADER = YES;
				GCC_PREFIX_HEADER = "iUC/iUC-Prefix.pch";
				IPHONEOS_DEPLOYMENT_TARGET = 5.0;
				OTHER_LDFLAGS = "-ObjC";
				PRODUCT_NAME = "$(TARGET_NAME)";
				SKIP_INSTALL = YES;
				VALID_ARCHS = "armv7 armv7s";
			};
			name = Debug;
		};
		522C17F61750E1360006EE9E /* Release */ = {
			isa = XCBuildConfiguration;
			buildSettings = {
				DSTROOT = /tmp/iUC.dst;
				GCC_PRECOMPILE_PREFIX_HEADER = YES;
				GCC_PREFIX_HEADER = "iUC/iUC-Prefix.pch";
				IPHONEOS_DEPLOYMENT_TARGET = 5.0;
				ONLY_ACTIVE_ARCH = NO;
				OTHER_LDFLAGS = "-ObjC";
				PRODUCT_NAME = "$(TARGET_NAME)";
				SKIP_INSTALL = YES;
				VALID_ARCHS = "armv7 armv7s";
			};
			name = Release;
		};
		522C17F81750E1360006EE9E /* Debug */ = {
			isa = XCBuildConfiguration;
			buildSettings = {
				FRAMEWORK_SEARCH_PATHS = (
					"\"$(SDKROOT)/Developer/Library/Frameworks\"",
					"\"$(DEVELOPER_LIBRARY_DIR)/Frameworks\"",
				);
				GCC_PRECOMPILE_PREFIX_HEADER = YES;
				GCC_PREFIX_HEADER = "iUC/iUC-Prefix.pch";
				INFOPLIST_FILE = "iUCTests/iUCTests-Info.plist";
				PRODUCT_NAME = "$(TARGET_NAME)";
				WRAPPER_EXTENSION = octest;
			};
			name = Debug;
		};
		522C17F91750E1360006EE9E /* Release */ = {
			isa = XCBuildConfiguration;
			buildSettings = {
				FRAMEWORK_SEARCH_PATHS = (
					"\"$(SDKROOT)/Developer/Library/Frameworks\"",
					"\"$(DEVELOPER_LIBRARY_DIR)/Frameworks\"",
				);
				GCC_PRECOMPILE_PREFIX_HEADER = YES;
				GCC_PREFIX_HEADER = "iUC/iUC-Prefix.pch";
				INFOPLIST_FILE = "iUCTests/iUCTests-Info.plist";
				PRODUCT_NAME = "$(TARGET_NAME)";
				WRAPPER_EXTENSION = octest;
			};
			name = Release;
		};
/* End XCBuildConfiguration section */

/* Begin XCConfigurationList section */
		522C17CA1750E1360006EE9E /* Build configuration list for PBXProject "iUC" */ = {
			isa = XCConfigurationList;
			buildConfigurations = (
				522C17F21750E1360006EE9E /* Debug */,
				522C17F31750E1360006EE9E /* Release */,
			);
			defaultConfigurationIsVisible = 0;
			defaultConfigurationName = Release;
		};
		522C17F41750E1360006EE9E /* Build configuration list for PBXNativeTarget "iUC" */ = {
			isa = XCConfigurationList;
			buildConfigurations = (
				522C17F51750E1360006EE9E /* Debug */,
				522C17F61750E1360006EE9E /* Release */,
			);
			defaultConfigurationIsVisible = 0;
		};
		522C17F71750E1360006EE9E /* Build configuration list for PBXNativeTarget "iUCTests" */ = {
			isa = XCConfigurationList;
			buildConfigurations = (
				522C17F81750E1360006EE9E /* Debug */,
				522C17F91750E1360006EE9E /* Release */,
			);
			defaultConfigurationIsVisible = 0;
		};
/* End XCConfigurationList section */
	};
	rootObject = 522C17C71750E1360006EE9E /* Project object */;
}
